
Microsoft Visual Studio Solution File, Format Version 12.00
# Visual Studio Version 16
VisualStudioVersion = 16.0.30225.117
MinimumVisualStudioVersion = 10.0.40219.1
Project("{FAE04EC0-301F-11D3-BF4B-00C04F79EFBC}") = "IDRMDataManager", "IDRMDataManager\IDRMDataManager.csproj", "{73C78C5B-FDF7-49A5-8D1C-61F89FD08D54}"
EndProject
Project("{00D1A9C2-B5F0-4AF3-8072-F6C62B433612}") = "IDRMData", "IDRMData\IDRMData.sqlproj", "{50722E90-9BC6-4A94-82BF-3BDC2FDC8E77}"
EndProject
Project("{FAE04EC0-301F-11D3-BF4B-00C04F79EFBC}") = "IDRMDesktopUI", "IDRMDesktopUI\IDRMDesktopUI.csproj", "{5C71F016-59F8-4EB2-BB4F-3E96618296D1}"
EndProject
Project("{FAE04EC0-301F-11D3-BF4B-00C04F79EFBC}") = "IDRMDataManagerLibrary", "IDRMDataManagerLibrary\IDRMDataManagerLibrary.csproj", "{12E6506D-EF4A-474E-A912-BA932D1A3D71}"
EndProject
Project("{FAE04EC0-301F-11D3-BF4B-00C04F79EFBC}") = "IDRMDesktopUILibrary", "IDRMDesktopUILibrary\IDRMDesktopUILibrary.csproj", "{C9B4A337-D5A7-4568-BCAD-1429E0400EB6}"
EndProject
Global
	GlobalSection(SolutionConfigurationPlatforms) = preSolution
		Debug|Any CPU = Debug|Any CPU
		Release|Any CPU = Release|Any CPU
	EndGlobalSection
	GlobalSection(ProjectConfigurationPlatforms) = postSolution
		{73C78C5B-FDF7-49A5-8D1C-61F89FD08D54}.Debug|Any CPU.ActiveCfg = Debug|Any CPU
		{73C78C5B-FDF7-49A5-8D1C-61F89FD08D54}.Debug|Any CPU.Build.0 = Debug|Any CPU
		{73C78C5B-FDF7-49A5-8D1C-61F89FD08D54}.Release|Any CPU.ActiveCfg = Release|Any CPU
		{73C78C5B-FDF7-49A5-8D1C-61F89FD08D54}.Release|Any CPU.Build.0 = Release|Any CPU
		{50722E90-9BC6-4A94-82BF-3BDC2FDC8E77}.Debug|Any CPU.ActiveCfg = Debug|Any CPU
		{50722E90-9BC6-4A94-82BF-3BDC2FDC8E77}.Debug|Any CPU.Build.0 = Debug|Any CPU
		{50722E90-9BC6-4A94-82BF-3BDC2FDC8E77}.Debug|Any CPU.Deploy.0 = Debug|Any CPU
		{50722E90-9BC6-4A94-82BF-3BDC2FDC8E77}.Release|Any CPU.ActiveCfg = Release|Any CPU
		{50722E90-9BC6-4A94-82BF-3BDC2FDC8E77}.Release|Any CPU.Build.0 = Release|Any CPU
		{50722E90-9BC6-4A94-82BF-3BDC2FDC8E77}.Release|Any CPU.Deploy.0 = Release|Any CPU
		{5C71F016-59F8-4EB2-BB4F-3E96618296D1}.Debug|Any CPU.ActiveCfg = Debug|Any CPU
		{5C71F016-59F8-4EB2-BB4F-3E96618296D1}.Debug|Any CPU.Build.0 = Debug|Any CPU
		{5C71F016-59F8-4EB2-BB4F-3E96618296D1}.Release|Any CPU.ActiveCfg = Release|Any CPU
		{5C71F016-59F8-4EB2-BB4F-3E96618296D1}.Release|Any CPU.Build.0 = Release|Any CPU
		{12E6506D-EF4A-474E-A912-BA932D1A3D71}.Debug|Any CPU.ActiveCfg = Debug|Any CPU
		{12E6506D-EF4A-474E-A912-BA932D1A3D71}.Debug|Any CPU.Build.0 = Debug|Any CPU
		{12E6506D-EF4A-474E-A912-BA932D1A3D71}.Release|Any CPU.ActiveCfg = Release|Any CPU
		{12E6506D-EF4A-474E-A912-BA932D1A3D71}.Release|Any CPU.Build.0 = Release|Any CPU
		{C9B4A337-D5A7-4568-BCAD-1429E0400EB6}.Debug|Any CPU.ActiveCfg = Debug|Any CPU
		{C9B4A337-D5A7-4568-BCAD-1429E0400EB6}.Debug|Any CPU.Build.0 = Debug|Any CPU
		{C9B4A337-D5A7-4568-BCAD-1429E0400EB6}.Release|Any CPU.ActiveCfg = Release|Any CPU
		{C9B4A337-D5A7-4568-BCAD-1429E0400EB6}.Release|Any CPU.Build.0 = Release|Any CPU
	EndGlobalSection
	GlobalSection(SolutionProperties) = preSolution
		HideSolutionNode = FALSE
	EndGlobalSection
	GlobalSection(ExtensibilityGlobals) = postSolution
		SolutionGuid = {F67FB569-0CE4-49FE-AAFE-BD6D8801D056}
	EndGlobalSection
EndGlobal
